// !$*UTF8*$!
{
	archiveVersion = 1;
	classes = {
	};
	objectVersion = 56;
	objects = {

/* Begin PBXBuildFile section */
		CB2C45E12C639DEF00AF5D34 /* AppDelegate.swift in Sources */ = {isa = PBXBuildFile; fileRef = CB2C45E02C639DEF00AF5D34 /* AppDelegate.swift */; };
		CB2C45E32C639DEF00AF5D34 /* SceneDelegate.swift in Sources */ = {isa = PBXBuildFile; fileRef = CB2C45E22C639DEF00AF5D34 /* SceneDelegate.swift */; };
		CB2C45E52C639DEF00AF5D34 /* ViewController.swift in Sources */ = {isa = PBXBuildFile; fileRef = CB2C45E42C639DEF00AF5D34 /* ViewController.swift */; };
		CB2C45E82C639DEF00AF5D34 /* Main.storyboard in Resources */ = {isa = PBXBuildFile; fileRef = CB2C45E62C639DEF00AF5D34 /* Main.storyboard */; };
		CB2C45EA2C639DF500AF5D34 /* Assets.xcassets in Resources */ = {isa = PBXBuildFile; fileRef = CB2C45E92C639DF500AF5D34 /* Assets.xcassets */; };
		CB2C45ED2C639DF500AF5D34 /* LaunchScreen.storyboard in Resources */ = {isa = PBXBuildFile; fileRef = CB2C45EB2C639DF500AF5D34 /* LaunchScreen.storyboard */; };
		CB2C45F82C639DF500AF5D34 /* Videos_AppTests.swift in Sources */ = {isa = PBXBuildFile; fileRef = CB2C45F72C639DF500AF5D34 /* Videos_AppTests.swift */; };
		CB2C46022C639DF500AF5D34 /* Videos_AppUITests.swift in Sources */ = {isa = PBXBuildFile; fileRef = CB2C46012C639DF500AF5D34 /* Videos_AppUITests.swift */; };
		CB2C46042C639DF500AF5D34 /* Videos_AppUITestsLaunchTests.swift in Sources */ = {isa = PBXBuildFile; fileRef = CB2C46032C639DF500AF5D34 /* Videos_AppUITestsLaunchTests.swift */; };
/* End PBXBuildFile section */

/* Begin PBXContainerItemProxy section */
		CB2C45F42C639DF500AF5D34 /* PBXContainerItemProxy */ = {
			isa = PBXContainerItemProxy;
			containerPortal = CB2C45D52C639DEF00AF5D34 /* Project object */;
			proxyType = 1;
			remoteGlobalIDString = CB2C45DC2C639DEF00AF5D34;
			remoteInfo = "Videos-App";
		};
		CB2C45FE2C639DF500AF5D34 /* PBXContainerItemProxy */ = {
			isa = PBXContainerItemProxy;
			containerPortal = CB2C45D52C639DEF00AF5D34 /* Project object */;
			proxyType = 1;
			remoteGlobalIDString = CB2C45DC2C639DEF00AF5D34;
			remoteInfo = "Videos-App";
		};
/* End PBXContainerItemProxy section */

/* Begin PBXFileReference section */
		CB2C45DD2C639DEF00AF5D34 /* Videos-App.app */ = {isa = PBXFileReference; explicitFileType = wrapper.application; includeInIndex = 0; path = "Videos-App.app"; sourceTree = BUILT_PRODUCTS_DIR; };
		CB2C45E02C639DEF00AF5D34 /* AppDelegate.swift */ = {isa = PBXFileReference; lastKnownFileType = sourcecode.swift; path = AppDelegate.swift; sourceTree = "<group>"; };
		CB2C45E22C639DEF00AF5D34 /* SceneDelegate.swift */ = {isa = PBXFileReference; lastKnownFileType = sourcecode.swift; path = SceneDelegate.swift; sourceTree = "<group>"; };
		CB2C45E42C639DEF00AF5D34 /* ViewController.swift */ = {isa = PBXFileReference; lastKnownFileType = sourcecode.swift; path = ViewController.swift; sourceTree = "<group>"; };
		CB2C45E72C639DEF00AF5D34 /* Base */ = {isa = PBXFileReference; lastKnownFileType = file.storyboard; name = Base; path = Base.lproj/Main.storyboard; sourceTree = "<group>"; };
		CB2C45E92C639DF500AF5D34 /* Assets.xcassets */ = {isa = PBXFileReference; lastKnownFileType = folder.assetcatalog; path = Assets.xcassets; sourceTree = "<group>"; };
		CB2C45EC2C639DF500AF5D34 /* Base */ = {isa = PBXFileReference; lastKnownFileType = file.storyboard; name = Base; path = Base.lproj/LaunchScreen.storyboard; sourceTree = "<group>"; };
		CB2C45EE2C639DF500AF5D34 /* Info.plist */ = {isa = PBXFileReference; lastKnownFileType = text.plist.xml; path = Info.plist; sourceTree = "<group>"; };
		CB2C45F32C639DF500AF5D34 /* Videos-AppTests.xctest */ = {isa = PBXFileReference; explicitFileType = wrapper.cfbundle; includeInIndex = 0; path = "Videos-AppTests.xctest"; sourceTree = BUILT_PRODUCTS_DIR; };
		CB2C45F72C639DF500AF5D34 /* Videos_AppTests.swift */ = {isa = PBXFileReference; lastKnownFileType = sourcecode.swift; path = Videos_AppTests.swift; sourceTree = "<group>"; };
		CB2C45FD2C639DF500AF5D34 /* Videos-AppUITests.xctest */ = {isa = PBXFileReference; explicitFileType = wrapper.cfbundle; includeInIndex = 0; path = "Videos-AppUITests.xctest"; sourceTree = BUILT_PRODUCTS_DIR; };
		CB2C46012C639DF500AF5D34 /* Videos_AppUITests.swift */ = {isa = PBXFileReference; lastKnownFileType = sourcecode.swift; path = Videos_AppUITests.swift; sourceTree = "<group>"; };
		CB2C46032C639DF500AF5D34 /* Videos_AppUITestsLaunchTests.swift */ = {isa = PBXFileReference; lastKnownFileType = sourcecode.swift; path = Videos_AppUITestsLaunchTests.swift; sourceTree = "<group>"; };
/* End PBXFileReference section */

/* Begin PBXFrameworksBuildPhase section */
		CB2C45DA2C639DEF00AF5D34 /* Frameworks */ = {
			isa = PBXFrameworksBuildPhase;
			buildActionMask = 2147483647;
			files = (
			);
			runOnlyForDeploymentPostprocessing = 0;
		};
		CB2C45F02C639DF500AF5D34 /* Frameworks */ = {
			isa = PBXFrameworksBuildPhase;
			buildActionMask = 2147483647;
			files = (
			);
			runOnlyForDeploymentPostprocessing = 0;
		};
		CB2C45FA2C639DF500AF5D34 /* Frameworks */ = {
			isa = PBXFrameworksBuildPhase;
			buildActionMask = 2147483647;
			files = (
			);
			runOnlyForDeploymentPostprocessing = 0;
		};
/* End PBXFrameworksBuildPhase section */

/* Begin PBXGroup section */
		CB2C45D42C639DEF00AF5D34 = {
			isa = PBXGroup;
			children = (
				CB2C45DF2C639DEF00AF5D34 /* Videos-App */,
				CB2C45F62C639DF500AF5D34 /* Videos-AppTests */,
				CB2C46002C639DF500AF5D34 /* Videos-AppUITests */,
				CB2C45DE2C639DEF00AF5D34 /* Products */,
			);
			sourceTree = "<group>";
		};
		CB2C45DE2C639DEF00AF5D34 /* Products */ = {
			isa = PBXGroup;
			children = (
				CB2C45DD2C639DEF00AF5D34 /* Videos-App.app */,
				CB2C45F32C639DF500AF5D34 /* Videos-AppTests.xctest */,
				CB2C45FD2C639DF500AF5D34 /* Videos-AppUITests.xctest */,
			);
			name = Products;
			sourceTree = "<group>";
		};
		CB2C45DF2C639DEF00AF5D34 /* Videos-App */ = {
			isa = PBXGroup;
			children = (
				CB2C45E02C639DEF00AF5D34 /* AppDelegate.swift */,
				CB2C45E22C639DEF00AF5D34 /* SceneDelegate.swift */,
				CB2C45E42C639DEF00AF5D34 /* ViewController.swift */,
				CB2C45E62C639DEF00AF5D34 /* Main.storyboard */,
				CB2C45E92C639DF500AF5D34 /* Assets.xcassets */,
				CB2C45EB2C639DF500AF5D34 /* LaunchScreen.storyboard */,
				CB2C45EE2C639DF500AF5D34 /* Info.plist */,
			);
			path = "Videos-App";
			sourceTree = "<group>";
		};
		CB2C45F62C639DF500AF5D34 /* Videos-AppTests */ = {
			isa = PBXGroup;
			children = (
				CB2C45F72C639DF500AF5D34 /* Videos_AppTests.swift */,
			);
			path = "Videos-AppTests";
			sourceTree = "<group>";
		};
		CB2C46002C639DF500AF5D34 /* Videos-AppUITests */ = {
			isa = PBXGroup;
			children = (
				CB2C46012C639DF500AF5D34 /* Videos_AppUITests.swift */,
				CB2C46032C639DF500AF5D34 /* Videos_AppUITestsLaunchTests.swift */,
			);
			path = "Videos-AppUITests";
			sourceTree = "<group>";
		};
/* End PBXGroup section */

/* Begin PBXNativeTarget section */
		CB2C45DC2C639DEF00AF5D34 /* Videos-App */ = {
			isa = PBXNativeTarget;
			buildConfigurationList = CB2C46072C639DF500AF5D34 /* Build configuration list for PBXNativeTarget "Videos-App" */;
			buildPhases = (
				CB2C45D92C639DEF00AF5D34 /* Sources */,
				CB2C45DA2C639DEF00AF5D34 /* Frameworks */,
				CB2C45DB2C639DEF00AF5D34 /* Resources */,
			);
			buildRules = (
			);
			dependencies = (
			);
			name = "Videos-App";
			productName = "Videos-App";
			productReference = CB2C45DD2C639DEF00AF5D34 /* Videos-App.app */;
			productType = "com.apple.product-type.application";
		};
		CB2C45F22C639DF500AF5D34 /* Videos-AppTests */ = {
			isa = PBXNativeTarget;
			buildConfigurationList = CB2C460A2C639DF500AF5D34 /* Build configuration list for PBXNativeTarget "Videos-AppTests" */;
			buildPhases = (
				CB2C45EF2C639DF500AF5D34 /* Sources */,
				CB2C45F02C639DF500AF5D34 /* Frameworks */,
				CB2C45F12C639DF500AF5D34 /* Resources */,
			);
			buildRules = (
			);
			dependencies = (
				CB2C45F52C639DF500AF5D34 /* PBXTargetDependency */,
			);
			name = "Videos-AppTests";
			productName = "Videos-AppTests";
			productReference = CB2C45F32C639DF500AF5D34 /* Videos-AppTests.xctest */;
			productType = "com.apple.product-type.bundle.unit-test";
		};
		CB2C45FC2C639DF500AF5D34 /* Videos-AppUITests */ = {
			isa = PBXNativeTarget;
			buildConfigurationList = CB2C460D2C639DF500AF5D34 /* Build configuration list for PBXNativeTarget "Videos-AppUITests" */;
			buildPhases = (
				CB2C45F92C639DF500AF5D34 /* Sources */,
				CB2C45FA2C639DF500AF5D34 /* Frameworks */,
				CB2C45FB2C639DF500AF5D34 /* Resources */,
			);
			buildRules = (
			);
			dependencies = (
				CB2C45FF2C639DF500AF5D34 /* PBXTargetDependency */,
			);
			name = "Videos-AppUITests";
			productName = "Videos-AppUITests";
			productReference = CB2C45FD2C639DF500AF5D34 /* Videos-AppUITests.xctest */;
			productType = "com.apple.product-type.bundle.ui-testing";
		};
/* End PBXNativeTarget section */

/* Begin PBXProject section */
		CB2C45D52C639DEF00AF5D34 /* Project object */ = {
			isa = PBXProject;
			attributes = {
				BuildIndependentTargetsInParallel = 1;
				LastSwiftUpdateCheck = 1430;
				LastUpgradeCheck = 1430;
				TargetAttributes = {
					CB2C45DC2C639DEF00AF5D34 = {
						CreatedOnToolsVersion = 14.3.1;
					};
					CB2C45F22C639DF500AF5D34 = {
						CreatedOnToolsVersion = 14.3.1;
						TestTargetID = CB2C45DC2C639DEF00AF5D34;
					};
					CB2C45FC2C639DF500AF5D34 = {
						CreatedOnToolsVersion = 14.3.1;
						TestTargetID = CB2C45DC2C639DEF00AF5D34;
					};
				};
			};
			buildConfigurationList = CB2C45D82C639DEF00AF5D34 /* Build configuration list for PBXProject "Videos-App" */;
			compatibilityVersion = "Xcode 14.0";
			developmentRegion = en;
			hasScannedForEncodings = 0;
			knownRegions = (
				en,
				Base,
			);
			mainGroup = CB2C45D42C639DEF00AF5D34;
			productRefGroup = CB2C45DE2C639DEF00AF5D34 /* Products */;
			projectDirPath = "";
			projectRoot = "";
			targets = (
				CB2C45DC2C639DEF00AF5D34 /* Videos-App */,
				CB2C45F22C639DF500AF5D34 /* Videos-AppTests */,
				CB2C45FC2C639DF500AF5D34 /* Videos-AppUITests */,
			);
		};
/* End PBXProject section */

/* Begin PBXResourcesBuildPhase section */
		CB2C45DB2C639DEF00AF5D34 /* Resources */ = {
			isa = PBXResourcesBuildPhase;
			buildActionMask = 2147483647;
			files = (
				CB2C45ED2C639DF500AF5D34 /* LaunchScreen.storyboard in Resources */,
				CB2C45EA2C639DF500AF5D34 /* Assets.xcassets in Resources */,
				CB2C45E82C639DEF00AF5D34 /* Main.storyboard in Resources */,
			);
			runOnlyForDeploymentPostprocessing = 0;
		};
		CB2C45F12C639DF500AF5D34 /* Resources */ = {
			isa = PBXResourcesBuildPhase;
			buildActionMask = 2147483647;
			files = (
			);
			runOnlyForDeploymentPostprocessing = 0;
		};
		CB2C45FB2C639DF500AF5D34 /* Resources */ = {
			isa = PBXResourcesBuildPhase;
			buildActionMask = 2147483647;
			files = (
			);
			runOnlyForDeploymentPostprocessing = 0;
		};
/* End PBXResourcesBuildPhase section */

/* Begin PBXSourcesBuildPhase section */
		CB2C45D92C639DEF00AF5D34 /* Sources */ = {
			isa = PBXSourcesBuildPhase;
			buildActionMask = 2147483647;
			files = (
				CB2C45E52C639DEF00AF5D34 /* ViewController.swift in Sources */,
				CB2C45E12C639DEF00AF5D34 /* AppDelegate.swift in Sources */,
				CB2C45E32C639DEF00AF5D34 /* SceneDelegate.swift in Sources */,
			);
			runOnlyForDeploymentPostprocessing = 0;
		};
		CB2C45EF2C639DF500AF5D34 /* Sources */ = {
			isa = PBXSourcesBuildPhase;
			buildActionMask = 2147483647;
			files = (
				CB2C45F82C639DF500AF5D34 /* Videos_AppTests.swift in Sources */,
			);
			runOnlyForDeploymentPostprocessing = 0;
		};
		CB2C45F92C639DF500AF5D34 /* Sources */ = {
			isa = PBXSourcesBuildPhase;
			buildActionMask = 2147483647;
			files = (
				CB2C46042C639DF500AF5D34 /* Videos_AppUITestsLaunchTests.swift in Sources */,
				CB2C46022C639DF500AF5D34 /* Videos_AppUITests.swift in Sources */,
			);
			runOnlyForDeploymentPostprocessing = 0;
		};
/* End PBXSourcesBuildPhase section */

/* Begin PBXTargetDependency section */
		CB2C45F52C639DF500AF5D34 /* PBXTargetDependency */ = {
			isa = PBXTargetDependency;
			target = CB2C45DC2C639DEF00AF5D34 /* Videos-App */;
			targetProxy = CB2C45F42C639DF500AF5D34 /* PBXContainerItemProxy */;
		};
		CB2C45FF2C639DF500AF5D34 /* PBXTargetDependency */ = {
			isa = PBXTargetDependency;
			target = CB2C45DC2C639DEF00AF5D34 /* Videos-App */;
			targetProxy = CB2C45FE2C639DF500AF5D34 /* PBXContainerItemProxy */;
		};
/* End PBXTargetDependency section */

/* Begin PBXVariantGroup section */
		CB2C45E62C639DEF00AF5D34 /* Main.storyboard */ = {
			isa = PBXVariantGroup;
			children = (
				CB2C45E72C639DEF00AF5D34 /* Base */,
			);
			name = Main.storyboard;
			sourceTree = "<group>";
		};
		CB2C45EB2C639DF500AF5D34 /* LaunchScreen.storyboard */ = {
			isa = PBXVariantGroup;
			children = (
				CB2C45EC2C639DF500AF5D34 /* Base */,
			);
			name = LaunchScreen.storyboard;
			sourceTree = "<group>";
		};
/* End PBXVariantGroup section */

/* Begin XCBuildConfiguration section */
		CB2C46052C639DF500AF5D34 /* Debug */ = {
			isa = XCBuildConfiguration;
			buildSettings = {
				ALWAYS_SEARCH_USER_PATHS = NO;
				CLANG_ANALYZER_NONNULL = YES;
				CLANG_ANALYZER_NUMBER_OBJECT_CONVERSION = YES_AGGRESSIVE;
				CLANG_CXX_LANGUAGE_STANDARD = "gnu++20";
				CLANG_ENABLE_MODULES = YES;
				CLANG_ENABLE_OBJC_ARC = YES;
				CLANG_ENABLE_OBJC_WEAK = YES;
				CLANG_WARN_BLOCK_CAPTURE_AUTORELEASING = YES;
				CLANG_WARN_BOOL_CONVERSION = YES;
				CLANG_WARN_COMMA = YES;
				CLANG_WARN_CONSTANT_CONVERSION = YES;
				CLANG_WARN_DEPRECATED_OBJC_IMPLEMENTATIONS = YES;
				CLANG_WARN_DIRECT_OBJC_ISA_USAGE = YES_ERROR;
				CLANG_WARN_DOCUMENTATION_COMMENTS = YES;
				CLANG_WARN_EMPTY_BODY = YES;
				CLANG_WARN_ENUM_CONVERSION = YES;
				CLANG_WARN_INFINITE_RECURSION = YES;
				CLANG_WARN_INT_CONVERSION = YES;
				CLANG_WARN_NON_LITERAL_NULL_CONVERSION = YES;
				CLANG_WARN_OBJC_IMPLICIT_RETAIN_SELF = YES;
				CLANG_WARN_OBJC_LITERAL_CONVERSION = YES;
				CLANG_WARN_OBJC_ROOT_CLASS = YES_ERROR;
				CLANG_WARN_QUOTED_INCLUDE_IN_FRAMEWORK_HEADER = YES;
				CLANG_WARN_RANGE_LOOP_ANALYSIS = YES;
				CLANG_WARN_STRICT_PROTOTYPES = YES;
				CLANG_WARN_SUSPICIOUS_MOVE = YES;
				CLANG_WARN_UNGUARDED_AVAILABILITY = YES_AGGRESSIVE;
				CLANG_WARN_UNREACHABLE_CODE = YES;
				CLANG_WARN__DUPLICATE_METHOD_MATCH = YES;
				COPY_PHASE_STRIP = NO;
				DEBUG_INFORMATION_FORMAT = dwarf;
				ENABLE_STRICT_OBJC_MSGSEND = YES;
				ENABLE_TESTABILITY = YES;
				GCC_C_LANGUAGE_STANDARD = gnu11;
				GCC_DYNAMIC_NO_PIC = NO;
				GCC_NO_COMMON_BLOCKS = YES;
				GCC_OPTIMIZATION_LEVEL = 0;
				GCC_PREPROCESSOR_DEFINITIONS = (
					"DEBUG=1",
					"$(inherited)",
				);
				GCC_WARN_64_TO_32_BIT_CONVERSION = YES;
				GCC_WARN_ABOUT_RETURN_TYPE = YES_ERROR;
				GCC_WARN_UNDECLARED_SELECTOR = YES;
				GCC_WARN_UNINITIALIZED_AUTOS = YES_AGGRESSIVE;
				GCC_WARN_UNUSED_FUNCTION = YES;
				GCC_WARN_UNUSED_VARIABLE = YES;
				IPHONEOS_DEPLOYMENT_TARGET = 16.4;
				MTL_ENABLE_DEBUG_INFO = INCLUDE_SOURCE;
				MTL_FAST_MATH = YES;
				ONLY_ACTIVE_ARCH = YES;
				SDKROOT = iphoneos;
				SWIFT_ACTIVE_COMPILATION_CONDITIONS = DEBUG;
				SWIFT_OPTIMIZATION_LEVEL = "-Onone";
			};
			name = Debug;
		};
		CB2C46062C639DF500AF5D34 /* Release */ = {
			isa = XCBuildConfiguration;
			buildSettings = {
				ALWAYS_SEARCH_USER_PATHS = NO;
				CLANG_ANALYZER_NONNULL = YES;
				CLANG_ANALYZER_NUMBER_OBJECT_CONVERSION = YES_AGGRESSIVE;
				CLANG_CXX_LANGUAGE_STANDARD = "gnu++20";
				CLANG_ENABLE_MODULES = YES;
				CLANG_ENABLE_OBJC_ARC = YES;
				CLANG_ENABLE_OBJC_WEAK = YES;
				CLANG_WARN_BLOCK_CAPTURE_AUTORELEASING = YES;
				CLANG_WARN_BOOL_CONVERSION = YES;
				CLANG_WARN_COMMA = YES;
				CLANG_WARN_CONSTANT_CONVERSION = YES;
				CLANG_WARN_DEPRECATED_OBJC_IMPLEMENTATIONS = YES;
				CLANG_WARN_DIRECT_OBJC_ISA_USAGE = YES_ERROR;
				CLANG_WARN_DOCUMENTATION_COMMENTS = YES;
				CLANG_WARN_EMPTY_BODY = YES;
				CLANG_WARN_ENUM_CONVERSION = YES;
				CLANG_WARN_INFINITE_RECURSION = YES;
				CLANG_WARN_INT_CONVERSION = YES;
				CLANG_WARN_NON_LITERAL_NULL_CONVERSION = YES;
				CLANG_WARN_OBJC_IMPLICIT_RETAIN_SELF = YES;
				CLANG_WARN_OBJC_LITERAL_CONVERSION = YES;
				CLANG_WARN_OBJC_ROOT_CLASS = YES_ERROR;
				CLANG_WARN_QUOTED_INCLUDE_IN_FRAMEWORK_HEADER = YES;
				CLANG_WARN_RANGE_LOOP_ANALYSIS = YES;
				CLANG_WARN_STRICT_PROTOTYPES = YES;
				CLANG_WARN_SUSPICIOUS_MOVE = YES;
				CLANG_WARN_UNGUARDED_AVAILABILITY = YES_AGGRESSIVE;
				CLANG_WARN_UNREACHABLE_CODE = YES;
				CLANG_WARN__DUPLICATE_METHOD_MATCH = YES;
				COPY_PHASE_STRIP = NO;
				DEBUG_INFORMATION_FORMAT = "dwarf-with-dsym";
				ENABLE_NS_ASSERTIONS = NO;
				ENABLE_STRICT_OBJC_MSGSEND = YES;
				GCC_C_LANGUAGE_STANDARD = gnu11;
				GCC_NO_COMMON_BLOCKS = YES;
				GCC_WARN_64_TO_32_BIT_CONVERSION = YES;
				GCC_WARN_ABOUT_RETURN_TYPE = YES_ERROR;
				GCC_WARN_UNDECLARED_SELECTOR = YES;
				GCC_WARN_UNINITIALIZED_AUTOS = YES_AGGRESSIVE;
				GCC_WARN_UNUSED_FUNCTION = YES;
				GCC_WARN_UNUSED_VARIABLE = YES;
				IPHONEOS_DEPLOYMENT_TARGET = 16.4;
				MTL_ENABLE_DEBUG_INFO = NO;
				MTL_FAST_MATH = YES;
				SDKROOT = iphoneos;
				SWIFT_COMPILATION_MODE = wholemodule;
				SWIFT_OPTIMIZATION_LEVEL = "-O";
				VALIDATE_PRODUCT = YES;
			};
			name = Release;
		};
		CB2C46082C639DF500AF5D34 /* Debug */ = {
			isa = XCBuildConfiguration;
			buildSettings = {
				ASSETCATALOG_COMPILER_APPICON_NAME = AppIcon;
				ASSETCATALOG_COMPILER_GLOBAL_ACCENT_COLOR_NAME = AccentColor;
				CODE_SIGN_STYLE = Automatic;
				CURRENT_PROJECT_VERSION = 1;
				GENERATE_INFOPLIST_FILE = YES;
				INFOPLIST_FILE = "Videos-App/Info.plist";
				INFOPLIST_KEY_UIApplicationSupportsIndirectInputEvents = YES;
				INFOPLIST_KEY_UILaunchStoryboardName = LaunchScreen;
				INFOPLIST_KEY_UIMainStoryboardFile = Main;
				INFOPLIST_KEY_UISupportedInterfaceOrientations_iPad = "UIInterfaceOrientationPortrait UIInterfaceOrientationPortraitUpsideDown UIInterfaceOrientationLandscapeLeft UIInterfaceOrientationLandscapeRight";
				INFOPLIST_KEY_UISupportedInterfaceOrientations_iPhone = "UIInterfaceOrientationPortrait UIInterfaceOrientationLandscapeLeft UIInterfaceOrientationLandscapeRight";
				LD_RUNPATH_SEARCH_PATHS = (
					"$(inherited)",
					"@executable_path/Frameworks",
				);
				MARKETING_VERSION = 1.0;
				PRODUCT_BUNDLE_IDENTIFIER = "Akshu.Videos-App";
				PRODUCT_NAME = "$(TARGET_NAME)";
				SWIFT_EMIT_LOC_STRINGS = YES;
				SWIFT_VERSION = 5.0;
				TARGETED_DEVICE_FAMILY = "1,2";
			};
			name = Debug;
		};
		CB2C46092C639DF500AF5D34 /* Release */ = {
			isa = XCBuildConfiguration;
			buildSettings = {
				ASSETCATALOG_COMPILER_APPICON_NAME = AppIcon;
				ASSETCATALOG_COMPILER_GLOBAL_ACCENT_COLOR_NAME = AccentColor;
				CODE_SIGN_STYLE = Automatic;
				CURRENT_PROJECT_VERSION = 1;
				GENERATE_INFOPLIST_FILE = YES;
				INFOPLIST_FILE = "Videos-App/Info.plist";
				INFOPLIST_KEY_UIApplicationSupportsIndirectInputEvents = YES;
				INFOPLIST_KEY_UILaunchStoryboardName = LaunchScreen;
				INFOPLIST_KEY_UIMainStoryboardFile = Main;
				INFOPLIST_KEY_UISupportedInterfaceOrientations_iPad = "UIInterfaceOrientationPortrait UIInterfaceOrientationPortraitUpsideDown UIInterfaceOrientationLandscapeLeft UIInterfaceOrientationLandscapeRight";
				INFOPLIST_KEY_UISupportedInterfaceOrientations_iPhone = "UIInterfaceOrientationPortrait UIInterfaceOrientationLandscapeLeft UIInterfaceOrientationLandscapeRight";
				LD_RUNPATH_SEARCH_PATHS = (
					"$(inherited)",
					"@executable_path/Frameworks",
				);
				MARKETING_VERSION = 1.0;
				PRODUCT_BUNDLE_IDENTIFIER = "Akshu.Videos-App";
				PRODUCT_NAME = "$(TARGET_NAME)";
				SWIFT_EMIT_LOC_STRINGS = YES;
				SWIFT_VERSION = 5.0;
				TARGETED_DEVICE_FAMILY = "1,2";
			};
			name = Release;
		};
		CB2C460B2C639DF500AF5D34 /* Debug */ = {
			isa = XCBuildConfiguration;
			buildSettings = {
				ALWAYS_EMBED_SWIFT_STANDARD_LIBRARIES = YES;
				BUNDLE_LOADER = "$(TEST_HOST)";
				CODE_SIGN_STYLE = Automatic;
				CURRENT_PROJECT_VERSION = 1;
				GENERATE_INFOPLIST_FILE = YES;
				IPHONEOS_DEPLOYMENT_TARGET = 16.4;
				MARKETING_VERSION = 1.0;
				PRODUCT_BUNDLE_IDENTIFIER = "Akshu.Videos-AppTests";
				PRODUCT_NAME = "$(TARGET_NAME)";
				SWIFT_EMIT_LOC_STRINGS = NO;
				SWIFT_VERSION = 5.0;
				TARGETED_DEVICE_FAMILY = "1,2";
				TEST_HOST = "$(BUILT_PRODUCTS_DIR)/Videos-App.app/$(BUNDLE_EXECUTABLE_FOLDER_PATH)/Videos-App";
			};
			name = Debug;
		};
		CB2C460C2C639DF500AF5D34 /* Release */ = {
			isa = XCBuildConfiguration;
			buildSettings = {
				ALWAYS_EMBED_SWIFT_STANDARD_LIBRARIES = YES;
				BUNDLE_LOADER = "$(TEST_HOST)";
				CODE_SIGN_STYLE = Automatic;
				CURRENT_PROJECT_VERSION = 1;
				GENERATE_INFOPLIST_FILE = YES;
				IPHONEOS_DEPLOYMENT_TARGET = 16.4;
				MARKETING_VERSION = 1.0;
				PRODUCT_BUNDLE_IDENTIFIER = "Akshu.Videos-AppTests";
				PRODUCT_NAME = "$(TARGET_NAME)";
				SWIFT_EMIT_LOC_STRINGS = NO;
				SWIFT_VERSION = 5.0;
				TARGETED_DEVICE_FAMILY = "1,2";
				TEST_HOST = "$(BUILT_PRODUCTS_DIR)/Videos-App.app/$(BUNDLE_EXECUTABLE_FOLDER_PATH)/Videos-App";
			};
			name = Release;
		};
		CB2C460E2C639DF500AF5D34 /* Debug */ = {
			isa = XCBuildConfiguration;
			buildSettings = {
				ALWAYS_EMBED_SWIFT_STANDARD_LIBRARIES = YES;
				CODE_SIGN_STYLE = Automatic;
				CURRENT_PROJECT_VERSION = 1;
				GENERATE_INFOPLIST_FILE = YES;
				MARKETING_VERSION = 1.0;
				PRODUCT_BUNDLE_IDENTIFIER = "Akshu.Videos-AppUITests";
				PRODUCT_NAME = "$(TARGET_NAME)";
				SWIFT_EMIT_LOC_STRINGS = NO;
				SWIFT_VERSION = 5.0;
				TARGETED_DEVICE_FAMILY = "1,2";
				TEST_TARGET_NAME = "Videos-App";
			};
			name = Debug;
		};
		CB2C460F2C639DF500AF5D34 /* Release */ = {
			isa = XCBuildConfiguration;
			buildSettings = {
				ALWAYS_EMBED_SWIFT_STANDARD_LIBRARIES = YES;
				CODE_SIGN_STYLE = Automatic;
				CURRENT_PROJECT_VERSION = 1;
				GENERATE_INFOPLIST_FILE = YES;
				MARKETING_VERSION = 1.0;
				PRODUCT_BUNDLE_IDENTIFIER = "Akshu.Videos-AppUITests";
				PRODUCT_NAME = "$(TARGET_NAME)";
				SWIFT_EMIT_LOC_STRINGS = NO;
				SWIFT_VERSION = 5.0;
				TARGETED_DEVICE_FAMILY = "1,2";
				TEST_TARGET_NAME = "Videos-App";
			};
			name = Release;
		};
/* End XCBuildConfiguration section */

/* Begin XCConfigurationList section */
		CB2C45D82C639DEF00AF5D34 /* Build configuration list for PBXProject "Videos-App" */ = {
			isa = XCConfigurationList;
			buildConfigurations = (
				CB2C46052C639DF500AF5D34 /* Debug */,
				CB2C46062C639DF500AF5D34 /* Release */,
			);
			defaultConfigurationIsVisible = 0;
			defaultConfigurationName = Release;
		};
		CB2C46072C639DF500AF5D34 /* Build configuration list for PBXNativeTarget "Videos-App" */ = {
			isa = XCConfigurationList;
			buildConfigurations = (
				CB2C46082C639DF500AF5D34 /* Debug */,
				CB2C46092C639DF500AF5D34 /* Release */,
			);
			defaultConfigurationIsVisible = 0;
			defaultConfigurationName = Release;
		};
		CB2C460A2C639DF500AF5D34 /* Build configuration list for PBXNativeTarget "Videos-AppTests" */ = {
			isa = XCConfigurationList;
			buildConfigurations = (
				CB2C460B2C639DF500AF5D34 /* Debug */,
				CB2C460C2C639DF500AF5D34 /* Release */,
			);
			defaultConfigurationIsVisible = 0;
			defaultConfigurationName = Release;
		};
		CB2C460D2C639DF500AF5D34 /* Build configuration list for PBXNativeTarget "Videos-AppUITests" */ = {
			isa = XCConfigurationList;
			buildConfigurations = (
				CB2C460E2C639DF500AF5D34 /* Debug */,
				CB2C460F2C639DF500AF5D34 /* Release */,
			);
			defaultConfigurationIsVisible = 0;
			defaultConfigurationName = Release;
		};
/* End XCConfigurationList section */
	};
	rootObject = CB2C45D52C639DEF00AF5D34 /* Project object */;
}
